
Microsoft Visual Studio Solution File, Format Version 12.00
# Visual Studio Version 17
VisualStudioVersion = 17.7.34031.279
MinimumVisualStudioVersion = 10.0.40219.1
Project("{FAE04EC0-301F-11D3-BF4B-00C04F79EFBC}") = "kiemtrasonguyento", "kiemtrasonguyento\kiemtrasonguyento.csproj", "{B4165D52-D624-4ABB-B282-DE31F77242BF}"
EndProject
Global
	GlobalSection(SolutionConfigurationPlatforms) = preSolution
		Debug|Any CPU = Debug|Any CPU
		Release|Any CPU = Release|Any CPU
	EndGlobalSection
	GlobalSection(ProjectConfigurationPlatforms) = postSolution
		{B4165D52-D624-4ABB-B282-DE31F77242BF}.Debug|Any CPU.ActiveCfg = Debug|Any CPU
		{B4165D52-D624-4ABB-B282-DE31F77242BF}.Debug|Any CPU.Build.0 = Debug|Any CPU
		{B4165D52-D624-4ABB-B282-DE31F77242BF}.Release|Any CPU.ActiveCfg = Release|Any CPU
		{B4165D52-D624-4ABB-B282-DE31F77242BF}.Release|Any CPU.Build.0 = Release|Any CPU
	EndGlobalSection
	GlobalSection(SolutionProperties) = preSolution
		HideSolutionNode = FALSE
	EndGlobalSection
	GlobalSection(ExtensibilityGlobals) = postSolution
		SolutionGuid = {C61C0DE3-3A6A-4CE7-933B-4DF229CD190B}
	EndGlobalSection
EndGlobal
